PODS:
  - Alamofire (5.6.2)
  - SwiftyJSON (5.0.1)

DEPENDENCIES:
  - Alamofire
  - SwiftyJSON

SPEC REPOS:
  trunk:
    - Alamofire
    - SwiftyJSON

SPEC CHECKSUMS:
  Alamofire: d368e1ff8a298e6dde360e35a3e68e6c610e7204
  SwiftyJSON: 2f33a42c6fbc52764d96f13368585094bfd8aa5e

PODFILE CHECKSUM: 34455c358b5e6bd45dc13c5c4691e0581d52427f

COCOAPODS: 1.11.3
