// !$*UTF8*$!
{
	archiveVersion = 1;
	classes = {
	};
	objectVersion = 55;
	objects = {

/* Begin PBXBuildFile section */
		24182E2528F826A200E07D22 /* MealCollectionViewCell.swift in Sources */ = {isa = PBXBuildFile; fileRef = 24182E2328F826A200E07D22 /* MealCollectionViewCell.swift */; };
		24182E2628F826A200E07D22 /* MealCollectionViewCell.xib in Resources */ = {isa = PBXBuildFile; fileRef = 24182E2428F826A200E07D22 /* MealCollectionViewCell.xib */; };
		24DA181F29001AFC00519732 /* MealModel.swift in Sources */ = {isa = PBXBuildFile; fileRef = 24DA181E29001AFB00519732 /* MealModel.swift */; };
		24DA182129003BA600519732 /* DrinkDetails.swift in Sources */ = {isa = PBXBuildFile; fileRef = 24DA182029003BA600519732 /* DrinkDetails.swift */; };
		24E26C102902826D00C8F49A /* SourceViewController.swift in Sources */ = {isa = PBXBuildFile; fileRef = 24E26C0F2902826D00C8F49A /* SourceViewController.swift */; };
		24E26C122902CF8900C8F49A /* SearchByAreaViewController.swift in Sources */ = {isa = PBXBuildFile; fileRef = 24E26C112902CF8900C8F49A /* SearchByAreaViewController.swift */; };
		24E26C142902D5FA00C8F49A /* AreaTableViewCell.swift in Sources */ = {isa = PBXBuildFile; fileRef = 24E26C132902D5FA00C8F49A /* AreaTableViewCell.swift */; };
		24F92CCF29068E0C00E81346 /* MealByAreaViewController.swift in Sources */ = {isa = PBXBuildFile; fileRef = 24F92CCE29068E0C00E81346 /* MealByAreaViewController.swift */; };
		24F92CD129069AA900E81346 /* GridLayout.swift in Sources */ = {isa = PBXBuildFile; fileRef = 24F92CD029069AA900E81346 /* GridLayout.swift */; };
		24FAEEBF29017CEE001762B3 /* MealDetailsViewController.swift in Sources */ = {isa = PBXBuildFile; fileRef = 24FAEEBE29017CEE001762B3 /* MealDetailsViewController.swift */; };
		353C1F8C28F4204C008FB4EC /* AppDelegate.swift in Sources */ = {isa = PBXBuildFile; fileRef = 353C1F8B28F4204C008FB4EC /* AppDelegate.swift */; };
		353C1F9028F4204C008FB4EC /* ViewController.swift in Sources */ = {isa = PBXBuildFile; fileRef = 353C1F8F28F4204C008FB4EC /* ViewController.swift */; };
		353C1F9328F4204C008FB4EC /* Main.storyboard in Resources */ = {isa = PBXBuildFile; fileRef = 353C1F9128F4204C008FB4EC /* Main.storyboard */; };
		353C1F9528F4204F008FB4EC /* Assets.xcassets in Resources */ = {isa = PBXBuildFile; fileRef = 353C1F9428F4204F008FB4EC /* Assets.xcassets */; };
		353C1F9828F4204F008FB4EC /* LaunchScreen.storyboard in Resources */ = {isa = PBXBuildFile; fileRef = 353C1F9628F4204F008FB4EC /* LaunchScreen.storyboard */; };
		35E9317C28F6C7E2008AD561 /* CollectionViewMeals.swift in Sources */ = {isa = PBXBuildFile; fileRef = 35E9317B28F6C7E2008AD561 /* CollectionViewMeals.swift */; };
		35E9317E28F6C812008AD561 /* CollectionViewDrinks.swift in Sources */ = {isa = PBXBuildFile; fileRef = 35E9317D28F6C812008AD561 /* CollectionViewDrinks.swift */; };
		35E9318128F6D2E4008AD561 /* MyCollectionViewCell.swift in Sources */ = {isa = PBXBuildFile; fileRef = 35E9317F28F6D2E4008AD561 /* MyCollectionViewCell.swift */; };
		35E9318228F6D2E4008AD561 /* MyCollectionViewCell.xib in Resources */ = {isa = PBXBuildFile; fileRef = 35E9318028F6D2E4008AD561 /* MyCollectionViewCell.xib */; };
		35EF024B28F56B5400294310 /* DrinkModel.swift in Sources */ = {isa = PBXBuildFile; fileRef = 35EF024A28F56B5400294310 /* DrinkModel.swift */; };
		43415807E32A3A4ED068C032 /* Pods_pods.framework in Frameworks */ = {isa = PBXBuildFile; fileRef = 809253D96BF22D4B577F6B6E /* Pods_pods.framework */; };
/* End PBXBuildFile section */

/* Begin PBXFileReference section */
		24182E2328F826A200E07D22 /* MealCollectionViewCell.swift */ = {isa = PBXFileReference; lastKnownFileType = sourcecode.swift; path = MealCollectionViewCell.swift; sourceTree = "<group>"; };
		24182E2428F826A200E07D22 /* MealCollectionViewCell.xib */ = {isa = PBXFileReference; lastKnownFileType = file.xib; path = MealCollectionViewCell.xib; sourceTree = "<group>"; };
		24DA181E29001AFB00519732 /* MealModel.swift */ = {isa = PBXFileReference; lastKnownFileType = sourcecode.swift; path = MealModel.swift; sourceTree = "<group>"; };
		24DA182029003BA600519732 /* DrinkDetails.swift */ = {isa = PBXFileReference; lastKnownFileType = sourcecode.swift; path = DrinkDetails.swift; sourceTree = "<group>"; };
		24E26C0F2902826D00C8F49A /* SourceViewController.swift */ = {isa = PBXFileReference; lastKnownFileType = sourcecode.swift; path = SourceViewController.swift; sourceTree = "<group>"; };
		24E26C112902CF8900C8F49A /* SearchByAreaViewController.swift */ = {isa = PBXFileReference; lastKnownFileType = sourcecode.swift; path = SearchByAreaViewController.swift; sourceTree = "<group>"; };
		24E26C132902D5FA00C8F49A /* AreaTableViewCell.swift */ = {isa = PBXFileReference; lastKnownFileType = sourcecode.swift; path = AreaTableViewCell.swift; sourceTree = "<group>"; };
		24F92CCE29068E0C00E81346 /* MealByAreaViewController.swift */ = {isa = PBXFileReference; lastKnownFileType = sourcecode.swift; path = MealByAreaViewController.swift; sourceTree = "<group>"; };
		24F92CD029069AA900E81346 /* GridLayout.swift */ = {isa = PBXFileReference; fileEncoding = 4; lastKnownFileType = sourcecode.swift; path = GridLayout.swift; sourceTree = "<group>"; };
		24FAEEBE29017CEE001762B3 /* MealDetailsViewController.swift */ = {isa = PBXFileReference; lastKnownFileType = sourcecode.swift; path = MealDetailsViewController.swift; sourceTree = "<group>"; };
		353C1F8828F4204C008FB4EC /* pods.app */ = {isa = PBXFileReference; explicitFileType = wrapper.application; includeInIndex = 0; path = pods.app; sourceTree = BUILT_PRODUCTS_DIR; };
		353C1F8B28F4204C008FB4EC /* AppDelegate.swift */ = {isa = PBXFileReference; lastKnownFileType = sourcecode.swift; path = AppDelegate.swift; sourceTree = "<group>"; };
		353C1F8F28F4204C008FB4EC /* ViewController.swift */ = {isa = PBXFileReference; lastKnownFileType = sourcecode.swift; path = ViewController.swift; sourceTree = "<group>"; };
		353C1F9228F4204C008FB4EC /* Base */ = {isa = PBXFileReference; lastKnownFileType = file.storyboard; name = Base; path = Base.lproj/Main.storyboard; sourceTree = "<group>"; };
		353C1F9428F4204F008FB4EC /* Assets.xcassets */ = {isa = PBXFileReference; lastKnownFileType = folder.assetcatalog; path = Assets.xcassets; sourceTree = "<group>"; };
		353C1F9728F4204F008FB4EC /* Base */ = {isa = PBXFileReference; lastKnownFileType = file.storyboard; name = Base; path = Base.lproj/LaunchScreen.storyboard; sourceTree = "<group>"; };
		353C1F9928F4204F008FB4EC /* Info.plist */ = {isa = PBXFileReference; lastKnownFileType = text.plist.xml; path = Info.plist; sourceTree = "<group>"; };
		35E9317B28F6C7E2008AD561 /* CollectionViewMeals.swift */ = {isa = PBXFileReference; lastKnownFileType = sourcecode.swift; path = CollectionViewMeals.swift; sourceTree = "<group>"; };
		35E9317D28F6C812008AD561 /* CollectionViewDrinks.swift */ = {isa = PBXFileReference; lastKnownFileType = sourcecode.swift; path = CollectionViewDrinks.swift; sourceTree = "<group>"; };
		35E9317F28F6D2E4008AD561 /* MyCollectionViewCell.swift */ = {isa = PBXFileReference; lastKnownFileType = sourcecode.swift; path = MyCollectionViewCell.swift; sourceTree = "<group>"; };
		35E9318028F6D2E4008AD561 /* MyCollectionViewCell.xib */ = {isa = PBXFileReference; lastKnownFileType = file.xib; path = MyCollectionViewCell.xib; sourceTree = "<group>"; };
		35EF024A28F56B5400294310 /* DrinkModel.swift */ = {isa = PBXFileReference; lastKnownFileType = sourcecode.swift; path = DrinkModel.swift; sourceTree = "<group>"; };
		7BD931F656DB8F38D48E362B /* Pods-pods.debug.xcconfig */ = {isa = PBXFileReference; includeInIndex = 1; lastKnownFileType = text.xcconfig; name = "Pods-pods.debug.xcconfig"; path = "Target Support Files/Pods-pods/Pods-pods.debug.xcconfig"; sourceTree = "<group>"; };
		809253D96BF22D4B577F6B6E /* Pods_pods.framework */ = {isa = PBXFileReference; explicitFileType = wrapper.framework; includeInIndex = 0; path = Pods_pods.framework; sourceTree = BUILT_PRODUCTS_DIR; };
		F45FB95EE0E9462C7D4627BB /* Pods-pods.release.xcconfig */ = {isa = PBXFileReference; includeInIndex = 1; lastKnownFileType = text.xcconfig; name = "Pods-pods.release.xcconfig"; path = "Target Support Files/Pods-pods/Pods-pods.release.xcconfig"; sourceTree = "<group>"; };
/* End PBXFileReference section */

/* Begin PBXFrameworksBuildPhase section */
		353C1F8528F4204C008FB4EC /* Frameworks */ = {
			isa = PBXFrameworksBuildPhase;
			buildActionMask = 2147483647;
			files = (
				43415807E32A3A4ED068C032 /* Pods_pods.framework in Frameworks */,
			);
			runOnlyForDeploymentPostprocessing = 0;
		};
/* End PBXFrameworksBuildPhase section */

/* Begin PBXGroup section */
		2433D8122937570A003AED95 /* Models */ = {
			isa = PBXGroup;
			children = (
				24F92CD029069AA900E81346 /* GridLayout.swift */,
				35EF024A28F56B5400294310 /* DrinkModel.swift */,
				24DA181E29001AFB00519732 /* MealModel.swift */,
			);
			path = Models;
			sourceTree = "<group>";
		};
		353C1F7F28F4204C008FB4EC = {
			isa = PBXGroup;
			children = (
				353C1F8A28F4204C008FB4EC /* pods */,
				353C1F8928F4204C008FB4EC /* Products */,
				8A568D867FA14C50EEE18A22 /* Pods */,
				92C4A43A6EB297B60A3DEFD9 /* Frameworks */,
			);
			sourceTree = "<group>";
		};
		353C1F8928F4204C008FB4EC /* Products */ = {
			isa = PBXGroup;
			children = (
				353C1F8828F4204C008FB4EC /* pods.app */,
			);
			name = Products;
			sourceTree = "<group>";
		};
		353C1F8A28F4204C008FB4EC /* pods */ = {
			isa = PBXGroup;
			children = (
				353C1F8B28F4204C008FB4EC /* AppDelegate.swift */,
				353C1F8F28F4204C008FB4EC /* ViewController.swift */,
				2433D8122937570A003AED95 /* Models */,
				353C1F9128F4204C008FB4EC /* Main.storyboard */,
				24DA182029003BA600519732 /* DrinkDetails.swift */,
				24FAEEBE29017CEE001762B3 /* MealDetailsViewController.swift */,
				353C1F9428F4204F008FB4EC /* Assets.xcassets */,
				353C1F9628F4204F008FB4EC /* LaunchScreen.storyboard */,
				353C1F9928F4204F008FB4EC /* Info.plist */,
				35E9317D28F6C812008AD561 /* CollectionViewDrinks.swift */,
				35E9317B28F6C7E2008AD561 /* CollectionViewMeals.swift */,
				35E9317F28F6D2E4008AD561 /* MyCollectionViewCell.swift */,
				35E9318028F6D2E4008AD561 /* MyCollectionViewCell.xib */,
				24182E2328F826A200E07D22 /* MealCollectionViewCell.swift */,
				24182E2428F826A200E07D22 /* MealCollectionViewCell.xib */,
				24E26C0F2902826D00C8F49A /* SourceViewController.swift */,
				24E26C112902CF8900C8F49A /* SearchByAreaViewController.swift */,
				24E26C132902D5FA00C8F49A /* AreaTableViewCell.swift */,
				24F92CCE29068E0C00E81346 /* MealByAreaViewController.swift */,
			);
			path = pods;
			sourceTree = "<group>";
		};
		8A568D867FA14C50EEE18A22 /* Pods */ = {
			isa = PBXGroup;
			children = (
				7BD931F656DB8F38D48E362B /* Pods-pods.debug.xcconfig */,
				F45FB95EE0E9462C7D4627BB /* Pods-pods.release.xcconfig */,
			);
			path = Pods;
			sourceTree = "<group>";
		};
		92C4A43A6EB297B60A3DEFD9 /* Frameworks */ = {
			isa = PBXGroup;
			children = (
				809253D96BF22D4B577F6B6E /* Pods_pods.framework */,
			);
			name = Frameworks;
			sourceTree = "<group>";
		};
/* End PBXGroup section */

/* Begin PBXNativeTarget section */
		353C1F8728F4204C008FB4EC /* pods */ = {
			isa = PBXNativeTarget;
			buildConfigurationList = 353C1F9C28F4204F008FB4EC /* Build configuration list for PBXNativeTarget "pods" */;
			buildPhases = (
				1E6E2748D60BE37C59DE9A59 /* [CP] Check Pods Manifest.lock */,
				353C1F8428F4204C008FB4EC /* Sources */,
				353C1F8528F4204C008FB4EC /* Frameworks */,
				353C1F8628F4204C008FB4EC /* Resources */,
				CA758F99D673E9C1415B07F6 /* [CP] Embed Pods Frameworks */,
			);
			buildRules = (
			);
			dependencies = (
			);
			name = pods;
			productName = pods;
			productReference = 353C1F8828F4204C008FB4EC /* pods.app */;
			productType = "com.apple.product-type.application";
		};
/* End PBXNativeTarget section */

/* Begin PBXProject section */
		353C1F8028F4204C008FB4EC /* Project object */ = {
			isa = PBXProject;
			attributes = {
				BuildIndependentTargetsInParallel = 1;
				LastSwiftUpdateCheck = 1340;
				LastUpgradeCheck = 1340;
				TargetAttributes = {
					353C1F8728F4204C008FB4EC = {
						CreatedOnToolsVersion = 13.4.1;
					};
				};
			};
			buildConfigurationList = 353C1F8328F4204C008FB4EC /* Build configuration list for PBXProject "pods" */;
			compatibilityVersion = "Xcode 13.0";
			developmentRegion = en;
			hasScannedForEncodings = 0;
			knownRegions = (
				en,
				Base,
			);
			mainGroup = 353C1F7F28F4204C008FB4EC;
			productRefGroup = 353C1F8928F4204C008FB4EC /* Products */;
			projectDirPath = "";
			projectRoot = "";
			targets = (
				353C1F8728F4204C008FB4EC /* pods */,
			);
		};
/* End PBXProject section */

/* Begin PBXResourcesBuildPhase section */
		353C1F8628F4204C008FB4EC /* Resources */ = {
			isa = PBXResourcesBuildPhase;
			buildActionMask = 2147483647;
			files = (
				353C1F9828F4204F008FB4EC /* LaunchScreen.storyboard in Resources */,
				353C1F9528F4204F008FB4EC /* Assets.xcassets in Resources */,
				24182E2628F826A200E07D22 /* MealCollectionViewCell.xib in Resources */,
				35E9318228F6D2E4008AD561 /* MyCollectionViewCell.xib in Resources */,
				353C1F9328F4204C008FB4EC /* Main.storyboard in Resources */,
			);
			runOnlyForDeploymentPostprocessing = 0;
		};
/* End PBXResourcesBuildPhase section */

/* Begin PBXShellScriptBuildPhase section */
		1E6E2748D60BE37C59DE9A59 /* [CP] Check Pods Manifest.lock */ = {
			isa = PBXShellScriptBuildPhase;
			buildActionMask = 2147483647;
			files = (
			);
			inputFileListPaths = (
			);
			inputPaths = (
				"${PODS_PODFILE_DIR_PATH}/Podfile.lock",
				"${PODS_ROOT}/Manifest.lock",
			);
			name = "[CP] Check Pods Manifest.lock";
			outputFileListPaths = (
			);
			outputPaths = (
				"$(DERIVED_FILE_DIR)/Pods-pods-checkManifestLockResult.txt",
			);
			runOnlyForDeploymentPostprocessing = 0;
			shellPath = /bin/sh;
			shellScript = "diff \"${PODS_PODFILE_DIR_PATH}/Podfile.lock\" \"${PODS_ROOT}/Manifest.lock\" > /dev/null\nif [ $? != 0 ] ; then\n    # print error to STDERR\n    echo \"error: The sandbox is not in sync with the Podfile.lock. Run 'pod install' or update your CocoaPods installation.\" >&2\n    exit 1\nfi\n# This output is used by Xcode 'outputs' to avoid re-running this script phase.\necho \"SUCCESS\" > \"${SCRIPT_OUTPUT_FILE_0}\"\n";
			showEnvVarsInLog = 0;
		};
		CA758F99D673E9C1415B07F6 /* [CP] Embed Pods Frameworks */ = {
			isa = PBXShellScriptBuildPhase;
			buildActionMask = 2147483647;
			files = (
			);
			inputFileListPaths = (
				"${PODS_ROOT}/Target Support Files/Pods-pods/Pods-pods-frameworks-${CONFIGURATION}-input-files.xcfilelist",
			);
			name = "[CP] Embed Pods Frameworks";
			outputFileListPaths = (
				"${PODS_ROOT}/Target Support Files/Pods-pods/Pods-pods-frameworks-${CONFIGURATION}-output-files.xcfilelist",
			);
			runOnlyForDeploymentPostprocessing = 0;
			shellPath = /bin/sh;
			shellScript = "\"${PODS_ROOT}/Target Support Files/Pods-pods/Pods-pods-frameworks.sh\"\n";
			showEnvVarsInLog = 0;
		};
/* End PBXShellScriptBuildPhase section */

/* Begin PBXSourcesBuildPhase section */
		353C1F8428F4204C008FB4EC /* Sources */ = {
			isa = PBXSourcesBuildPhase;
			buildActionMask = 2147483647;
			files = (
				24E26C122902CF8900C8F49A /* SearchByAreaViewController.swift in Sources */,
				353C1F9028F4204C008FB4EC /* ViewController.swift in Sources */,
				24E26C142902D5FA00C8F49A /* AreaTableViewCell.swift in Sources */,
				24F92CCF29068E0C00E81346 /* MealByAreaViewController.swift in Sources */,
				35E9317E28F6C812008AD561 /* CollectionViewDrinks.swift in Sources */,
				35E9318128F6D2E4008AD561 /* MyCollectionViewCell.swift in Sources */,
				353C1F8C28F4204C008FB4EC /* AppDelegate.swift in Sources */,
				24DA182129003BA600519732 /* DrinkDetails.swift in Sources */,
				35E9317C28F6C7E2008AD561 /* CollectionViewMeals.swift in Sources */,
				24182E2528F826A200E07D22 /* MealCollectionViewCell.swift in Sources */,
				24DA181F29001AFC00519732 /* MealModel.swift in Sources */,
				24FAEEBF29017CEE001762B3 /* MealDetailsViewController.swift in Sources */,
				24F92CD129069AA900E81346 /* GridLayout.swift in Sources */,
				35EF024B28F56B5400294310 /* DrinkModel.swift in Sources */,
				24E26C102902826D00C8F49A /* SourceViewController.swift in Sources */,
			);
			runOnlyForDeploymentPostprocessing = 0;
		};
/* End PBXSourcesBuildPhase section */

/* Begin PBXVariantGroup section */
		353C1F9128F4204C008FB4EC /* Main.storyboard */ = {
			isa = PBXVariantGroup;
			children = (
				353C1F9228F4204C008FB4EC /* Base */,
			);
			name = Main.storyboard;
			sourceTree = "<group>";
		};
		353C1F9628F4204F008FB4EC /* LaunchScreen.storyboard */ = {
			isa = PBXVariantGroup;
			children = (
				353C1F9728F4204F008FB4EC /* Base */,
			);
			name = LaunchScreen.storyboard;
			sourceTree = "<group>";
		};
/* End PBXVariantGroup section */

/* Begin XCBuildConfiguration section */
		353C1F9A28F4204F008FB4EC /* Debug */ = {
			isa = XCBuildConfiguration;
			buildSettings = {
				ALWAYS_SEARCH_USER_PATHS = NO;
				CLANG_ANALYZER_NONNULL = YES;
				CLANG_ANALYZER_NUMBER_OBJECT_CONVERSION = YES_AGGRESSIVE;
				CLANG_CXX_LANGUAGE_STANDARD = "gnu++17";
				CLANG_ENABLE_MODULES = YES;
				CLANG_ENABLE_OBJC_ARC = YES;
				CLANG_ENABLE_OBJC_WEAK = YES;
				CLANG_WARN_BLOCK_CAPTURE_AUTORELEASING = YES;
				CLANG_WARN_BOOL_CONVERSION = YES;
				CLANG_WARN_COMMA = YES;
				CLANG_WARN_CONSTANT_CONVERSION = YES;
				CLANG_WARN_DEPRECATED_OBJC_IMPLEMENTATIONS = YES;
				CLANG_WARN_DIRECT_OBJC_ISA_USAGE = YES_ERROR;
				CLANG_WARN_DOCUMENTATION_COMMENTS = YES;
				CLANG_WARN_EMPTY_BODY = YES;
				CLANG_WARN_ENUM_CONVERSION = YES;
				CLANG_WARN_INFINITE_RECURSION = YES;
				CLANG_WARN_INT_CONVERSION = YES;
				CLANG_WARN_NON_LITERAL_NULL_CONVERSION = YES;
				CLANG_WARN_OBJC_IMPLICIT_RETAIN_SELF = YES;
				CLANG_WARN_OBJC_LITERAL_CONVERSION = YES;
				CLANG_WARN_OBJC_ROOT_CLASS = YES_ERROR;
				CLANG_WARN_QUOTED_INCLUDE_IN_FRAMEWORK_HEADER = YES;
				CLANG_WARN_RANGE_LOOP_ANALYSIS = YES;
				CLANG_WARN_STRICT_PROTOTYPES = YES;
				CLANG_WARN_SUSPICIOUS_MOVE = YES;
				CLANG_WARN_UNGUARDED_AVAILABILITY = YES_AGGRESSIVE;
				CLANG_WARN_UNREACHABLE_CODE = YES;
				CLANG_WARN__DUPLICATE_METHOD_MATCH = YES;
				COPY_PHASE_STRIP = NO;
				DEBUG_INFORMATION_FORMAT = dwarf;
				ENABLE_STRICT_OBJC_MSGSEND = YES;
				ENABLE_TESTABILITY = YES;
				GCC_C_LANGUAGE_STANDARD = gnu11;
				GCC_DYNAMIC_NO_PIC = NO;
				GCC_NO_COMMON_BLOCKS = YES;
				GCC_OPTIMIZATION_LEVEL = 0;
				GCC_PREPROCESSOR_DEFINITIONS = (
					"DEBUG=1",
					"$(inherited)",
				);
				GCC_WARN_64_TO_32_BIT_CONVERSION = YES;
				GCC_WARN_ABOUT_RETURN_TYPE = YES_ERROR;
				GCC_WARN_UNDECLARED_SELECTOR = YES;
				GCC_WARN_UNINITIALIZED_AUTOS = YES_AGGRESSIVE;
				GCC_WARN_UNUSED_FUNCTION = YES;
				GCC_WARN_UNUSED_VARIABLE = YES;
				IPHONEOS_DEPLOYMENT_TARGET = 13.0;
				MTL_ENABLE_DEBUG_INFO = INCLUDE_SOURCE;
				MTL_FAST_MATH = YES;
				ONLY_ACTIVE_ARCH = YES;
				SDKROOT = iphoneos;
				SWIFT_ACTIVE_COMPILATION_CONDITIONS = DEBUG;
				SWIFT_OPTIMIZATION_LEVEL = "-Onone";
			};
			name = Debug;
		};
		353C1F9B28F4204F008FB4EC /* Release */ = {
			isa = XCBuildConfiguration;
			buildSettings = {
				ALWAYS_SEARCH_USER_PATHS = NO;
				CLANG_ANALYZER_NONNULL = YES;
				CLANG_ANALYZER_NUMBER_OBJECT_CONVERSION = YES_AGGRESSIVE;
				CLANG_CXX_LANGUAGE_STANDARD = "gnu++17";
				CLANG_ENABLE_MODULES = YES;
				CLANG_ENABLE_OBJC_ARC = YES;
				CLANG_ENABLE_OBJC_WEAK = YES;
				CLANG_WARN_BLOCK_CAPTURE_AUTORELEASING = YES;
				CLANG_WARN_BOOL_CONVERSION = YES;
				CLANG_WARN_COMMA = YES;
				CLANG_WARN_CONSTANT_CONVERSION = YES;
				CLANG_WARN_DEPRECATED_OBJC_IMPLEMENTATIONS = YES;
				CLANG_WARN_DIRECT_OBJC_ISA_USAGE = YES_ERROR;
				CLANG_WARN_DOCUMENTATION_COMMENTS = YES;
				CLANG_WARN_EMPTY_BODY = YES;
				CLANG_WARN_ENUM_CONVERSION = YES;
				CLANG_WARN_INFINITE_RECURSION = YES;
				CLANG_WARN_INT_CONVERSION = YES;
				CLANG_WARN_NON_LITERAL_NULL_CONVERSION = YES;
				CLANG_WARN_OBJC_IMPLICIT_RETAIN_SELF = YES;
				CLANG_WARN_OBJC_LITERAL_CONVERSION = YES;
				CLANG_WARN_OBJC_ROOT_CLASS = YES_ERROR;
				CLANG_WARN_QUOTED_INCLUDE_IN_FRAMEWORK_HEADER = YES;
				CLANG_WARN_RANGE_LOOP_ANALYSIS = YES;
				CLANG_WARN_STRICT_PROTOTYPES = YES;
				CLANG_WARN_SUSPICIOUS_MOVE = YES;
				CLANG_WARN_UNGUARDED_AVAILABILITY = YES_AGGRESSIVE;
				CLANG_WARN_UNREACHABLE_CODE = YES;
				CLANG_WARN__DUPLICATE_METHOD_MATCH = YES;
				COPY_PHASE_STRIP = NO;
				DEBUG_INFORMATION_FORMAT = "dwarf-with-dsym";
				ENABLE_NS_ASSERTIONS = NO;
				ENABLE_STRICT_OBJC_MSGSEND = YES;
				GCC_C_LANGUAGE_STANDARD = gnu11;
				GCC_NO_COMMON_BLOCKS = YES;
				GCC_WARN_64_TO_32_BIT_CONVERSION = YES;
				GCC_WARN_ABOUT_RETURN_TYPE = YES_ERROR;
				GCC_WARN_UNDECLARED_SELECTOR = YES;
				GCC_WARN_UNINITIALIZED_AUTOS = YES_AGGRESSIVE;
				GCC_WARN_UNUSED_FUNCTION = YES;
				GCC_WARN_UNUSED_VARIABLE = YES;
				IPHONEOS_DEPLOYMENT_TARGET = 13.0;
				MTL_ENABLE_DEBUG_INFO = NO;
				MTL_FAST_MATH = YES;
				SDKROOT = iphoneos;
				SWIFT_COMPILATION_MODE = wholemodule;
				SWIFT_OPTIMIZATION_LEVEL = "-O";
				VALIDATE_PRODUCT = YES;
			};
			name = Release;
		};
		353C1F9D28F4204F008FB4EC /* Debug */ = {
			isa = XCBuildConfiguration;
			baseConfigurationReference = 7BD931F656DB8F38D48E362B /* Pods-pods.debug.xcconfig */;
			buildSettings = {
				ASSETCATALOG_COMPILER_APPICON_NAME = AppIcon;
				ASSETCATALOG_COMPILER_GLOBAL_ACCENT_COLOR_NAME = AccentColor;
				CODE_SIGN_STYLE = Automatic;
				CURRENT_PROJECT_VERSION = 1;
				GENERATE_INFOPLIST_FILE = YES;
				INFOPLIST_FILE = pods/Info.plist;
				INFOPLIST_KEY_UIApplicationSupportsIndirectInputEvents = YES;
				INFOPLIST_KEY_UILaunchStoryboardName = LaunchScreen;
				INFOPLIST_KEY_UIMainStoryboardFile = Main;
				INFOPLIST_KEY_UISupportedInterfaceOrientations_iPad = "UIInterfaceOrientationPortrait UIInterfaceOrientationPortraitUpsideDown UIInterfaceOrientationLandscapeLeft UIInterfaceOrientationLandscapeRight";
				INFOPLIST_KEY_UISupportedInterfaceOrientations_iPhone = "UIInterfaceOrientationPortrait UIInterfaceOrientationLandscapeLeft UIInterfaceOrientationLandscapeRight";
				LD_RUNPATH_SEARCH_PATHS = (
					"$(inherited)",
					"@executable_path/Frameworks",
				);
				MARKETING_VERSION = 1.0;
				PRODUCT_BUNDLE_IDENTIFIER = ognjen.pods;
				PRODUCT_NAME = "$(TARGET_NAME)";
				SWIFT_EMIT_LOC_STRINGS = YES;
				SWIFT_VERSION = 5.0;
				TARGETED_DEVICE_FAMILY = "1,2";
			};
			name = Debug;
		};
		353C1F9E28F4204F008FB4EC /* Release */ = {
			isa = XCBuildConfiguration;
			baseConfigurationReference = F45FB95EE0E9462C7D4627BB /* Pods-pods.release.xcconfig */;
			buildSettings = {
				ASSETCATALOG_COMPILER_APPICON_NAME = AppIcon;
				ASSETCATALOG_COMPILER_GLOBAL_ACCENT_COLOR_NAME = AccentColor;
				CODE_SIGN_STYLE = Automatic;
				CURRENT_PROJECT_VERSION = 1;
				GENERATE_INFOPLIST_FILE = YES;
				INFOPLIST_FILE = pods/Info.plist;
				INFOPLIST_KEY_UIApplicationSupportsIndirectInputEvents = YES;
				INFOPLIST_KEY_UILaunchStoryboardName = LaunchScreen;
				INFOPLIST_KEY_UIMainStoryboardFile = Main;
				INFOPLIST_KEY_UISupportedInterfaceOrientations_iPad = "UIInterfaceOrientationPortrait UIInterfaceOrientationPortraitUpsideDown UIInterfaceOrientationLandscapeLeft UIInterfaceOrientationLandscapeRight";
				INFOPLIST_KEY_UISupportedInterfaceOrientations_iPhone = "UIInterfaceOrientationPortrait UIInterfaceOrientationLandscapeLeft UIInterfaceOrientationLandscapeRight";
				LD_RUNPATH_SEARCH_PATHS = (
					"$(inherited)",
					"@executable_path/Frameworks",
				);
				MARKETING_VERSION = 1.0;
				PRODUCT_BUNDLE_IDENTIFIER = ognjen.pods;
				PRODUCT_NAME = "$(TARGET_NAME)";
				SWIFT_EMIT_LOC_STRINGS = YES;
				SWIFT_VERSION = 5.0;
				TARGETED_DEVICE_FAMILY = "1,2";
			};
			name = Release;
		};
/* End XCBuildConfiguration section */

/* Begin XCConfigurationList section */
		353C1F8328F4204C008FB4EC /* Build configuration list for PBXProject "pods" */ = {
			isa = XCConfigurationList;
			buildConfigurations = (
				353C1F9A28F4204F008FB4EC /* Debug */,
				353C1F9B28F4204F008FB4EC /* Release */,
			);
			defaultConfigurationIsVisible = 0;
			defaultConfigurationName = Release;
		};
		353C1F9C28F4204F008FB4EC /* Build configuration list for PBXNativeTarget "pods" */ = {
			isa = XCConfigurationList;
			buildConfigurations = (
				353C1F9D28F4204F008FB4EC /* Debug */,
				353C1F9E28F4204F008FB4EC /* Release */,
			);
			defaultConfigurationIsVisible = 0;
			defaultConfigurationName = Release;
		};
/* End XCConfigurationList section */
	};
	rootObject = 353C1F8028F4204C008FB4EC /* Project object */;
}
